
Microsoft Visual Studio Solution File, Format Version 12.00
# Visual Studio Version 16
VisualStudioVersion = 16.0.30406.217
MinimumVisualStudioVersion = 10.0.40219.1
Project("{FAE04EC0-301F-11D3-BF4B-00C04F79EFBC}") = "HealthyHearts", "HealthyHearts.csproj", "{CA9940AD-FB6F-43BF-8550-5FBE07981DD8}"
EndProject
Global
	GlobalSection(SolutionConfigurationPlatforms) = preSolution
		Debug|Any CPU = Debug|Any CPU
		Release|Any CPU = Release|Any CPU
	EndGlobalSection
	GlobalSection(ProjectConfigurationPlatforms) = postSolution
		{CA9940AD-FB6F-43BF-8550-5FBE07981DD8}.Debug|Any CPU.ActiveCfg = Debug|Any CPU
		{CA9940AD-FB6F-43BF-8550-5FBE07981DD8}.Debug|Any CPU.Build.0 = Debug|Any CPU
		{CA9940AD-FB6F-43BF-8550-5FBE07981DD8}.Release|Any CPU.ActiveCfg = Release|Any CPU
		{CA9940AD-FB6F-43BF-8550-5FBE07981DD8}.Release|Any CPU.Build.0 = Release|Any CPU
	EndGlobalSection
	GlobalSection(SolutionProperties) = preSolution
		HideSolutionNode = FALSE
	EndGlobalSection
	GlobalSection(ExtensibilityGlobals) = postSolution
		SolutionGuid = {05F5B5EE-40C7-4C3A-B759-938FCA4CEE93}
	EndGlobalSection
EndGlobal
