
Microsoft Visual Studio Solution File, Format Version 12.00
# Visual Studio Version 16
VisualStudioVersion = 16.0.30406.217
MinimumVisualStudioVersion = 10.0.40219.1
Project("{FAE04EC0-301F-11D3-BF4B-00C04F79EFBC}") = "RockPaperScissors", "RockPaperScissors.csproj", "{8D56FACC-9122-4D8C-A347-4D77F7842912}"
EndProject
Global
	GlobalSection(SolutionConfigurationPlatforms) = preSolution
		Debug|Any CPU = Debug|Any CPU
		Release|Any CPU = Release|Any CPU
	EndGlobalSection
	GlobalSection(ProjectConfigurationPlatforms) = postSolution
		{8D56FACC-9122-4D8C-A347-4D77F7842912}.Debug|Any CPU.ActiveCfg = Debug|Any CPU
		{8D56FACC-9122-4D8C-A347-4D77F7842912}.Debug|Any CPU.Build.0 = Debug|Any CPU
		{8D56FACC-9122-4D8C-A347-4D77F7842912}.Release|Any CPU.ActiveCfg = Release|Any CPU
		{8D56FACC-9122-4D8C-A347-4D77F7842912}.Release|Any CPU.Build.0 = Release|Any CPU
	EndGlobalSection
	GlobalSection(SolutionProperties) = preSolution
		HideSolutionNode = FALSE
	EndGlobalSection
	GlobalSection(ExtensibilityGlobals) = postSolution
		SolutionGuid = {8C1076A8-FF1A-43D0-9805-42DA00ED8FFC}
	EndGlobalSection
EndGlobal
