
Microsoft Visual Studio Solution File, Format Version 12.00
# Visual Studio Version 16
VisualStudioVersion = 16.0.30406.217
MinimumVisualStudioVersion = 10.0.40219.1
Project("{FAE04EC0-301F-11D3-BF4B-00C04F79EFBC}") = "DogGenetics", "DogGenetics.csproj", "{26D14E57-607B-4E1A-867D-3EB25790A25D}"
EndProject
Global
	GlobalSection(SolutionConfigurationPlatforms) = preSolution
		Debug|Any CPU = Debug|Any CPU
		Release|Any CPU = Release|Any CPU
	EndGlobalSection
	GlobalSection(ProjectConfigurationPlatforms) = postSolution
		{26D14E57-607B-4E1A-867D-3EB25790A25D}.Debug|Any CPU.ActiveCfg = Debug|Any CPU
		{26D14E57-607B-4E1A-867D-3EB25790A25D}.Debug|Any CPU.Build.0 = Debug|Any CPU
		{26D14E57-607B-4E1A-867D-3EB25790A25D}.Release|Any CPU.ActiveCfg = Release|Any CPU
		{26D14E57-607B-4E1A-867D-3EB25790A25D}.Release|Any CPU.Build.0 = Release|Any CPU
	EndGlobalSection
	GlobalSection(SolutionProperties) = preSolution
		HideSolutionNode = FALSE
	EndGlobalSection
	GlobalSection(ExtensibilityGlobals) = postSolution
		SolutionGuid = {11967E68-2338-4AA6-9CBF-941997C2F743}
	EndGlobalSection
EndGlobal
